// !$*UTF8*$!
{
	archiveVersion = 1;
	classes = {
	};
	objectVersion = 46;
	objects = {

/* Begin PBXAggregateTarget section */
		4FD86792D771412493AC0139 /* ALL_BUILD */ = {
			isa = PBXAggregateTarget;
			buildConfigurationList = 2E3BF642D17C4D6BBC382F8E /* Build configuration list for PBXAggregateTarget "ALL_BUILD" */;
			buildPhases = (
				A0B6243A01D649628BDFE5E6 /* CMake Rules */,
			);
			dependencies = (
				0F15FFD9FC06497BB435D5E1 /* PBXTargetDependency */,
				3963F020435842569334BA87 /* PBXTargetDependency */,
			);
			name = ALL_BUILD;
			productName = ALL_BUILD;
		};
		AC25217DF0204B6ABC566A11 /* ZERO_CHECK */ = {
			isa = PBXAggregateTarget;
			buildConfigurationList = 7B6F7AF1D9454CDABB0BA6AD /* Build configuration list for PBXAggregateTarget "ZERO_CHECK" */;
			buildPhases = (
				E4FD03B1CB05400296731BA6 /* CMake Rules */,
			);
			dependencies = (
			);
			name = ZERO_CHECK;
			productName = ZERO_CHECK;
		};
/* End PBXAggregateTarget section */

/* Begin PBXBuildFile section */
		00F9D7E310964A039694A07E /* main.cpp in Sources */ = {isa = PBXBuildFile; fileRef = 3DE1B10D80E34D59B2133B19 /* main.cpp */; };
/* End PBXBuildFile section */

/* Begin PBXContainerItemProxy section */
		6A8B59F9B89B4B7BB17E9016 /* PBXContainerItemProxy */ = {
			isa = PBXContainerItemProxy;
			containerPortal = 9264A4209DC74A9D84ACBB8C /* Project object */;
			proxyType = 1;
			remoteGlobalIDString = BC2502DAA8E048C7ACF43A1C;
			remoteInfo = ArmorDetect;
		};
		6E6EE9BF436F49C1AD941DED /* PBXContainerItemProxy */ = {
			isa = PBXContainerItemProxy;
			containerPortal = 9264A4209DC74A9D84ACBB8C /* Project object */;
			proxyType = 1;
			remoteGlobalIDString = AC25217DF0204B6ABC566A11;
			remoteInfo = ZERO_CHECK;
		};
		88ACEC5798BA4489B55C2C64 /* PBXContainerItemProxy */ = {
			isa = PBXContainerItemProxy;
			containerPortal = 9264A4209DC74A9D84ACBB8C /* Project object */;
			proxyType = 1;
			remoteGlobalIDString = AC25217DF0204B6ABC566A11;
			remoteInfo = ZERO_CHECK;
		};
/* End PBXContainerItemProxy section */

/* Begin PBXFileReference section */
		3DE1B10D80E34D59B2133B19 /* main.cpp */ = {isa = PBXFileReference; explicitFileType = sourcecode.cpp.cpp; fileEncoding = 4; path = main.cpp; sourceTree = SOURCE_ROOT; };
		5DC056FE12324794A9BA6DDB /* CMakeLists.txt */ = {isa = PBXFileReference; explicitFileType = sourcecode.text; fileEncoding = 4; lastKnownFileType = text; path = CMakeLists.txt; sourceTree = SOURCE_ROOT; };
		8512E15F06ED4245BD96B6C0 /* CMakeLists.txt */ = {isa = PBXFileReference; explicitFileType = sourcecode.text; fileEncoding = 4; lastKnownFileType = text; path = CMakeLists.txt; sourceTree = SOURCE_ROOT; };
		9353F1202047AA6600C74608 /* AD_Util.h */ = {isa = PBXFileReference; fileEncoding = 4; lastKnownFileType = sourcecode.c.h; path = AD_Util.h; sourceTree = "<group>"; };
		9353F1212047AA6600C74608 /* ArmorDetect.hpp */ = {isa = PBXFileReference; fileEncoding = 4; lastKnownFileType = sourcecode.cpp.h; path = ArmorDetect.hpp; sourceTree = "<group>"; };
		9353F1222047AA6700C74608 /* AD_Util.cpp */ = {isa = PBXFileReference; fileEncoding = 4; lastKnownFileType = sourcecode.cpp.cpp; path = AD_Util.cpp; sourceTree = "<group>"; };
		DC5FB5C823F74DF1AE2EA5A1 /* CMakeLists.txt */ = {isa = PBXFileReference; explicitFileType = sourcecode.text; fileEncoding = 4; lastKnownFileType = text; path = CMakeLists.txt; sourceTree = SOURCE_ROOT; };
		FEC14561D712491B9EBA6856 /* ArmorDetect */ = {isa = PBXFileReference; explicitFileType = "compiled.mach-o.executable"; path = ArmorDetect; sourceTree = BUILT_PRODUCTS_DIR; };
/* End PBXFileReference section */

/* Begin PBXGroup section */
		07AEE88C2054422EB7FC55FB /* CMake Rules */ = {
			isa = PBXGroup;
			children = (
			);
			name = "CMake Rules";
			sourceTree = "<group>";
		};
		3FE6B877F94147CBBED3B3F8 /* Source Files */ = {
			isa = PBXGroup;
			children = (
				9353F1222047AA6700C74608 /* AD_Util.cpp */,
				9353F1202047AA6600C74608 /* AD_Util.h */,
				9353F1212047AA6600C74608 /* ArmorDetect.hpp */,
				3DE1B10D80E34D59B2133B19 /* main.cpp */,
			);
			name = "Source Files";
			sourceTree = "<group>";
		};
		6032B0548C26438996E741A7 = {
			isa = PBXGroup;
			children = (
				696479AF68F14733BE830379 /* ArmorDetect */,
				A51AA0E3461A4BEFB2A6FEA3 /* ALL_BUILD */,
				9E7DE5DCDA8B4234B7AD7C71 /* ZERO_CHECK */,
				DAD460814D34485C9F123887 /* Products */,
			);
			sourceTree = "<group>";
		};
		696479AF68F14733BE830379 /* ArmorDetect */ = {
			isa = PBXGroup;
			children = (
				3FE6B877F94147CBBED3B3F8 /* Source Files */,
				5DC056FE12324794A9BA6DDB /* CMakeLists.txt */,
			);
			name = ArmorDetect;
			sourceTree = "<group>";
		};
		9E7DE5DCDA8B4234B7AD7C71 /* ZERO_CHECK */ = {
			isa = PBXGroup;
			children = (
				E13403CA509C48A08B6041D3 /* CMake Rules */,
				DC5FB5C823F74DF1AE2EA5A1 /* CMakeLists.txt */,
			);
			name = ZERO_CHECK;
			sourceTree = "<group>";
		};
		A51AA0E3461A4BEFB2A6FEA3 /* ALL_BUILD */ = {
			isa = PBXGroup;
			children = (
				07AEE88C2054422EB7FC55FB /* CMake Rules */,
				8512E15F06ED4245BD96B6C0 /* CMakeLists.txt */,
			);
			name = ALL_BUILD;
			sourceTree = "<group>";
		};
		DAD460814D34485C9F123887 /* Products */ = {
			isa = PBXGroup;
			children = (
				FEC14561D712491B9EBA6856 /* ArmorDetect */,
			);
			name = Products;
			sourceTree = "<group>";
		};
		E13403CA509C48A08B6041D3 /* CMake Rules */ = {
			isa = PBXGroup;
			children = (
			);
			name = "CMake Rules";
			sourceTree = "<group>";
		};
/* End PBXGroup section */

/* Begin PBXNativeTarget section */
		BC2502DAA8E048C7ACF43A1C /* ArmorDetect */ = {
			isa = PBXNativeTarget;
			buildConfigurationList = 84DB1FC01EF7423789F3F24A /* Build configuration list for PBXNativeTarget "ArmorDetect" */;
			buildPhases = (
				E7D4819F6AB242379521633F /* Sources */,
			);
			buildRules = (
			);
			dependencies = (
				A816D5057FB541FA87C2EC7A /* PBXTargetDependency */,
			);
			name = ArmorDetect;
			productName = ArmorDetect;
			productReference = FEC14561D712491B9EBA6856 /* ArmorDetect */;
			productType = "com.apple.product-type.tool";
		};
/* End PBXNativeTarget section */

/* Begin PBXProject section */
		9264A4209DC74A9D84ACBB8C /* Project object */ = {
			isa = PBXProject;
			attributes = {
				BuildIndependentTargetsInParallel = YES;
				LastUpgradeCheck = 0920;
			};
			buildConfigurationList = 9D73C0C5264144C09B15E6F0 /* Build configuration list for PBXProject "ArmorDetect" */;
			compatibilityVersion = "Xcode 3.2";
			developmentRegion = en;
			hasScannedForEncodings = 0;
			knownRegions = (
				en,
			);
			mainGroup = 6032B0548C26438996E741A7;
			projectDirPath = ../;
			projectRoot = "";
			targets = (
				4FD86792D771412493AC0139 /* ALL_BUILD */,
				BC2502DAA8E048C7ACF43A1C /* ArmorDetect */,
				AC25217DF0204B6ABC566A11 /* ZERO_CHECK */,
			);
		};
/* End PBXProject section */

/* Begin PBXShellScriptBuildPhase section */
		A0B6243A01D649628BDFE5E6 /* CMake Rules */ = {
			isa = PBXShellScriptBuildPhase;
			buildActionMask = 2147483647;
			files = (
			);
			name = "CMake Rules";
			runOnlyForDeploymentPostprocessing = 0;
			shellPath = /bin/sh;
			shellScript = "make -C /Users/Aaron/Documents/GitHub/ArmorDetect/src/AaronBuild -f /Users/Aaron/Documents/GitHub/ArmorDetect/src/AaronBuild/CMakeScripts/ALL_BUILD_cmakeRulesBuildPhase.make$CONFIGURATION all";
			showEnvVarsInLog = 0;
		};
		E4FD03B1CB05400296731BA6 /* CMake Rules */ = {
			isa = PBXShellScriptBuildPhase;
			buildActionMask = 2147483647;
			files = (
			);
			name = "CMake Rules";
			runOnlyForDeploymentPostprocessing = 0;
			shellPath = /bin/sh;
			shellScript = "make -C /Users/Aaron/Documents/GitHub/ArmorDetect/src/AaronBuild -f /Users/Aaron/Documents/GitHub/ArmorDetect/src/AaronBuild/CMakeScripts/ZERO_CHECK_cmakeRulesBuildPhase.make$CONFIGURATION all";
			showEnvVarsInLog = 0;
		};
/* End PBXShellScriptBuildPhase section */

/* Begin PBXSourcesBuildPhase section */
		E7D4819F6AB242379521633F /* Sources */ = {
			isa = PBXSourcesBuildPhase;
			buildActionMask = 2147483647;
			files = (
				00F9D7E310964A039694A07E /* main.cpp in Sources */,
			);
			runOnlyForDeploymentPostprocessing = 0;
		};
/* End PBXSourcesBuildPhase section */

/* Begin PBXTargetDependency section */
		0F15FFD9FC06497BB435D5E1 /* PBXTargetDependency */ = {
			isa = PBXTargetDependency;
			target = BC2502DAA8E048C7ACF43A1C /* ArmorDetect */;
			targetProxy = 6A8B59F9B89B4B7BB17E9016 /* PBXContainerItemProxy */;
		};
		3963F020435842569334BA87 /* PBXTargetDependency */ = {
			isa = PBXTargetDependency;
			target = AC25217DF0204B6ABC566A11 /* ZERO_CHECK */;
			targetProxy = 88ACEC5798BA4489B55C2C64 /* PBXContainerItemProxy */;
		};
		A816D5057FB541FA87C2EC7A /* PBXTargetDependency */ = {
			isa = PBXTargetDependency;
			target = AC25217DF0204B6ABC566A11 /* ZERO_CHECK */;
			targetProxy = 6E6EE9BF436F49C1AD941DED /* PBXContainerItemProxy */;
		};
/* End PBXTargetDependency section */

/* Begin XCBuildConfiguration section */
		0F3DF80AA21F4E4DB579437D /* Release */ = {
			isa = XCBuildConfiguration;
			buildSettings = {
				COMBINE_HIDPI_IMAGES = YES;
				GCC_GENERATE_DEBUGGING_SYMBOLS = YES;
				GCC_INLINES_ARE_PRIVATE_EXTERN = NO;
				GCC_OPTIMIZATION_LEVEL = 0;
				GCC_PREPROCESSOR_DEFINITIONS = "'CMAKE_INTDIR=\"$(CONFIGURATION)$(EFFECTIVE_PLATFORM_NAME)\"'";
				GCC_SYMBOLS_PRIVATE_EXTERN = NO;
				INSTALL_PATH = "";
				OTHER_LDFLAGS = " ";
				OTHER_REZFLAGS = "";
				PRODUCT_NAME = ALL_BUILD;
				SECTORDER_FLAGS = "";
				SYMROOT = /Users/Aaron/Documents/GitHub/ArmorDetect/src/AaronBuild;
				USE_HEADERMAP = NO;
				WARNING_CFLAGS = (
					"-Wmost",
					"-Wno-four-char-constants",
					"-Wno-unknown-pragmas",
					"$(inherited)",
				);
			};
			name = Release;
		};
		1CDE5A2F5C594F348E781D77 /* MinSizeRel */ = {
			isa = XCBuildConfiguration;
			buildSettings = {
				COMBINE_HIDPI_IMAGES = YES;
				GCC_GENERATE_DEBUGGING_SYMBOLS = YES;
				GCC_INLINES_ARE_PRIVATE_EXTERN = NO;
				GCC_OPTIMIZATION_LEVEL = 0;
				GCC_PREPROCESSOR_DEFINITIONS = "'CMAKE_INTDIR=\"$(CONFIGURATION)$(EFFECTIVE_PLATFORM_NAME)\"'";
				GCC_SYMBOLS_PRIVATE_EXTERN = NO;
				INSTALL_PATH = "";
				OTHER_LDFLAGS = " ";
				OTHER_REZFLAGS = "";
				PRODUCT_NAME = ALL_BUILD;
				SECTORDER_FLAGS = "";
				SYMROOT = /Users/Aaron/Documents/GitHub/ArmorDetect/src/AaronBuild;
				USE_HEADERMAP = NO;
				WARNING_CFLAGS = (
					"-Wmost",
					"-Wno-four-char-constants",
					"-Wno-unknown-pragmas",
					"$(inherited)",
				);
			};
			name = MinSizeRel;
		};
		29448A57FDF2438CA5CD68D7 /* Release */ = {
			isa = XCBuildConfiguration;
			buildSettings = {
				COMBINE_HIDPI_IMAGES = YES;
				GCC_GENERATE_DEBUGGING_SYMBOLS = YES;
				GCC_INLINES_ARE_PRIVATE_EXTERN = NO;
				GCC_OPTIMIZATION_LEVEL = 0;
				GCC_PREPROCESSOR_DEFINITIONS = "'CMAKE_INTDIR=\"$(CONFIGURATION)$(EFFECTIVE_PLATFORM_NAME)\"'";
				GCC_SYMBOLS_PRIVATE_EXTERN = NO;
				INSTALL_PATH = "";
				OTHER_LDFLAGS = " ";
				OTHER_REZFLAGS = "";
				PRODUCT_NAME = ZERO_CHECK;
				SECTORDER_FLAGS = "";
				SYMROOT = /Users/Aaron/Documents/GitHub/ArmorDetect/src/AaronBuild;
				USE_HEADERMAP = NO;
				WARNING_CFLAGS = (
					"-Wmost",
					"-Wno-four-char-constants",
					"-Wno-unknown-pragmas",
					"$(inherited)",
				);
			};
			name = Release;
		};
		2BB006870C544BCA90DCA994 /* Release */ = {
			isa = XCBuildConfiguration;
			buildSettings = {
				ONLY_ACTIVE_ARCH = YES;
				SDKROOT = /Applications/Xcode.app/Contents/Developer/Platforms/MacOSX.platform/Developer/SDKs/MacOSX10.13.sdk;
				SYMROOT = /Users/Aaron/Documents/GitHub/ArmorDetect/src/AaronBuild/build;
			};
			name = Release;
		};
		2EDBA62EA4C045F7955E2782 /* RelWithDebInfo */ = {
			isa = XCBuildConfiguration;
			buildSettings = {
				COMBINE_HIDPI_IMAGES = YES;
				GCC_GENERATE_DEBUGGING_SYMBOLS = YES;
				GCC_INLINES_ARE_PRIVATE_EXTERN = NO;
				GCC_OPTIMIZATION_LEVEL = 0;
				GCC_PREPROCESSOR_DEFINITIONS = "'CMAKE_INTDIR=\"$(CONFIGURATION)$(EFFECTIVE_PLATFORM_NAME)\"'";
				GCC_SYMBOLS_PRIVATE_EXTERN = NO;
				INSTALL_PATH = "";
				OTHER_LDFLAGS = " ";
				OTHER_REZFLAGS = "";
				PRODUCT_NAME = ZERO_CHECK;
				SECTORDER_FLAGS = "";
				SYMROOT = /Users/Aaron/Documents/GitHub/ArmorDetect/src/AaronBuild;
				USE_HEADERMAP = NO;
				WARNING_CFLAGS = (
					"-Wmost",
					"-Wno-four-char-constants",
					"-Wno-unknown-pragmas",
					"$(inherited)",
				);
			};
			name = RelWithDebInfo;
		};
		36A276BFF4384BED99B50F3C /* MinSizeRel */ = {
			isa = XCBuildConfiguration;
			buildSettings = {
				ONLY_ACTIVE_ARCH = YES;
				SDKROOT = /Applications/Xcode.app/Contents/Developer/Platforms/MacOSX.platform/Developer/SDKs/MacOSX10.13.sdk;
				SYMROOT = /Users/Aaron/Documents/GitHub/ArmorDetect/src/AaronBuild/build;
			};
			name = MinSizeRel;
		};
		48DB3AF24B0E46639D1CF610 /* MinSizeRel */ = {
			isa = XCBuildConfiguration;
			buildSettings = {
				COMBINE_HIDPI_IMAGES = YES;
				EXECUTABLE_PREFIX = "";
				EXECUTABLE_SUFFIX = "";
				GCC_GENERATE_DEBUGGING_SYMBOLS = NO;
				GCC_INLINES_ARE_PRIVATE_EXTERN = NO;
				GCC_OPTIMIZATION_LEVEL = s;
				GCC_PREPROCESSOR_DEFINITIONS = "'CMAKE_INTDIR=\"$(CONFIGURATION)$(EFFECTIVE_PLATFORM_NAME)\"'";
				GCC_SYMBOLS_PRIVATE_EXTERN = NO;
				INSTALL_PATH = "";
				LD_RUNPATH_SEARCH_PATHS = /usr/local/lib;
				LIBRARY_SEARCH_PATHS = "";
				OTHER_CPLUSPLUSFLAGS = (
					"-std=c++11",
					"-DNDEBUG",
				);
				OTHER_LDFLAGS = (
					"-Wl,-search_paths_first",
					"-Wl,-headerpad_max_install_names",
					/usr/local/lib/libopencv_dnn.3.4.0.dylib,
					/usr/local/lib/libopencv_ml.3.4.0.dylib,
					/usr/local/lib/libopencv_objdetect.3.4.0.dylib,
					/usr/local/lib/libopencv_shape.3.4.0.dylib,
					/usr/local/lib/libopencv_stitching.3.4.0.dylib,
					/usr/local/lib/libopencv_superres.3.4.0.dylib,
					/usr/local/lib/libopencv_videostab.3.4.0.dylib,
					/usr/local/lib/libopencv_calib3d.3.4.0.dylib,
					/usr/local/lib/libopencv_features2d.3.4.0.dylib,
					/usr/local/lib/libopencv_flann.3.4.0.dylib,
					/usr/local/lib/libopencv_highgui.3.4.0.dylib,
					/usr/local/lib/libopencv_photo.3.4.0.dylib,
					/usr/local/lib/libopencv_video.3.4.0.dylib,
					/usr/local/lib/libopencv_videoio.3.4.0.dylib,
					/usr/local/lib/libopencv_imgcodecs.3.4.0.dylib,
					/usr/local/lib/libopencv_imgproc.3.4.0.dylib,
					/usr/local/lib/libopencv_core.3.4.0.dylib,
				);
				OTHER_REZFLAGS = "";
				PRODUCT_NAME = ArmorDetect;
				SECTORDER_FLAGS = "";
				SYMROOT = /Users/Aaron/Documents/GitHub/ArmorDetect/src/AaronBuild;
				SYSTEM_HEADER_SEARCH_PATHS = "/usr/local/include /usr/local/include/opencv";
				USE_HEADERMAP = NO;
				WARNING_CFLAGS = (
					"-Wmost",
					"-Wno-four-char-constants",
					"-Wno-unknown-pragmas",
					"$(inherited)",
				);
			};
			name = MinSizeRel;
		};
		5546786423FE416EAE2220D4 /* Debug */ = {
			isa = XCBuildConfiguration;
			buildSettings = {
				COMBINE_HIDPI_IMAGES = YES;
				GCC_GENERATE_DEBUGGING_SYMBOLS = YES;
				GCC_INLINES_ARE_PRIVATE_EXTERN = NO;
				GCC_OPTIMIZATION_LEVEL = 0;
				GCC_PREPROCESSOR_DEFINITIONS = "'CMAKE_INTDIR=\"$(CONFIGURATION)$(EFFECTIVE_PLATFORM_NAME)\"'";
				GCC_SYMBOLS_PRIVATE_EXTERN = NO;
				INSTALL_PATH = "";
				OTHER_LDFLAGS = " ";
				OTHER_REZFLAGS = "";
				PRODUCT_NAME = ZERO_CHECK;
				SECTORDER_FLAGS = "";
				SYMROOT = /Users/Aaron/Documents/GitHub/ArmorDetect/src/AaronBuild;
				USE_HEADERMAP = NO;
				WARNING_CFLAGS = (
					"-Wmost",
					"-Wno-four-char-constants",
					"-Wno-unknown-pragmas",
					"$(inherited)",
				);
			};
			name = Debug;
		};
		5CE543FC099B47F6A8A6DAAB /* Debug */ = {
			isa = XCBuildConfiguration;
			buildSettings = {
				COMBINE_HIDPI_IMAGES = YES;
				EXECUTABLE_PREFIX = "";
				EXECUTABLE_SUFFIX = "";
				GCC_GENERATE_DEBUGGING_SYMBOLS = YES;
				GCC_INLINES_ARE_PRIVATE_EXTERN = NO;
				GCC_OPTIMIZATION_LEVEL = 0;
				GCC_PREPROCESSOR_DEFINITIONS = "'CMAKE_INTDIR=\"$(CONFIGURATION)$(EFFECTIVE_PLATFORM_NAME)\"'";
				GCC_SYMBOLS_PRIVATE_EXTERN = NO;
				INSTALL_PATH = "";
				LD_RUNPATH_SEARCH_PATHS = /usr/local/lib;
				LIBRARY_SEARCH_PATHS = "";
				OTHER_CPLUSPLUSFLAGS = " -std=c++11     ";
				OTHER_LDFLAGS = (
					"-Wl,-search_paths_first",
					"-Wl,-headerpad_max_install_names",
					/usr/local/lib/libopencv_dnn.3.4.0.dylib,
					/usr/local/lib/libopencv_ml.3.4.0.dylib,
					/usr/local/lib/libopencv_objdetect.3.4.0.dylib,
					/usr/local/lib/libopencv_shape.3.4.0.dylib,
					/usr/local/lib/libopencv_stitching.3.4.0.dylib,
					/usr/local/lib/libopencv_superres.3.4.0.dylib,
					/usr/local/lib/libopencv_videostab.3.4.0.dylib,
					/usr/local/lib/libopencv_calib3d.3.4.0.dylib,
					/usr/local/lib/libopencv_features2d.3.4.0.dylib,
					/usr/local/lib/libopencv_flann.3.4.0.dylib,
					/usr/local/lib/libopencv_highgui.3.4.0.dylib,
					/usr/local/lib/libopencv_photo.3.4.0.dylib,
					/usr/local/lib/libopencv_video.3.4.0.dylib,
					/usr/local/lib/libopencv_videoio.3.4.0.dylib,
					/usr/local/lib/libopencv_imgcodecs.3.4.0.dylib,
					/usr/local/lib/libopencv_imgproc.3.4.0.dylib,
					/usr/local/lib/libopencv_core.3.4.0.dylib,
				);
				OTHER_REZFLAGS = "";
				PRODUCT_NAME = ArmorDetect;
				SECTORDER_FLAGS = "";
				SYMROOT = /Users/Aaron/Documents/GitHub/ArmorDetect/src/AaronBuild;
				SYSTEM_HEADER_SEARCH_PATHS = "/usr/local/include /usr/local/include/opencv";
				USE_HEADERMAP = NO;
				WARNING_CFLAGS = (
					"-Wmost",
					"-Wno-four-char-constants",
					"-Wno-unknown-pragmas",
					"$(inherited)",
				);
			};
			name = Debug;
		};
		5DB350FD48CE4BA8AD517957 /* Release */ = {
			isa = XCBuildConfiguration;
			buildSettings = {
				COMBINE_HIDPI_IMAGES = YES;
				EXECUTABLE_PREFIX = "";
				EXECUTABLE_SUFFIX = "";
				GCC_GENERATE_DEBUGGING_SYMBOLS = NO;
				GCC_INLINES_ARE_PRIVATE_EXTERN = NO;
				GCC_OPTIMIZATION_LEVEL = 3;
				GCC_PREPROCESSOR_DEFINITIONS = "'CMAKE_INTDIR=\"$(CONFIGURATION)$(EFFECTIVE_PLATFORM_NAME)\"'";
				GCC_SYMBOLS_PRIVATE_EXTERN = NO;
				INSTALL_PATH = "";
				LD_RUNPATH_SEARCH_PATHS = /usr/local/lib;
				LIBRARY_SEARCH_PATHS = "";
				OTHER_CPLUSPLUSFLAGS = (
					"-std=c++11",
					"-DNDEBUG",
				);
				OTHER_LDFLAGS = (
					"-Wl,-search_paths_first",
					"-Wl,-headerpad_max_install_names",
					/usr/local/lib/libopencv_dnn.3.4.0.dylib,
					/usr/local/lib/libopencv_ml.3.4.0.dylib,
					/usr/local/lib/libopencv_objdetect.3.4.0.dylib,
					/usr/local/lib/libopencv_shape.3.4.0.dylib,
					/usr/local/lib/libopencv_stitching.3.4.0.dylib,
					/usr/local/lib/libopencv_superres.3.4.0.dylib,
					/usr/local/lib/libopencv_videostab.3.4.0.dylib,
					/usr/local/lib/libopencv_calib3d.3.4.0.dylib,
					/usr/local/lib/libopencv_features2d.3.4.0.dylib,
					/usr/local/lib/libopencv_flann.3.4.0.dylib,
					/usr/local/lib/libopencv_highgui.3.4.0.dylib,
					/usr/local/lib/libopencv_photo.3.4.0.dylib,
					/usr/local/lib/libopencv_video.3.4.0.dylib,
					/usr/local/lib/libopencv_videoio.3.4.0.dylib,
					/usr/local/lib/libopencv_imgcodecs.3.4.0.dylib,
					/usr/local/lib/libopencv_imgproc.3.4.0.dylib,
					/usr/local/lib/libopencv_core.3.4.0.dylib,
				);
				OTHER_REZFLAGS = "";
				PRODUCT_NAME = ArmorDetect;
				SECTORDER_FLAGS = "";
				SYMROOT = /Users/Aaron/Documents/GitHub/ArmorDetect/src/AaronBuild;
				SYSTEM_HEADER_SEARCH_PATHS = "/usr/local/include /usr/local/include/opencv";
				USE_HEADERMAP = NO;
				WARNING_CFLAGS = (
					"-Wmost",
					"-Wno-four-char-constants",
					"-Wno-unknown-pragmas",
					"$(inherited)",
				);
			};
			name = Release;
		};
		A421F8F160D24E86BBF8D405 /* MinSizeRel */ = {
			isa = XCBuildConfiguration;
			buildSettings = {
				COMBINE_HIDPI_IMAGES = YES;
				GCC_GENERATE_DEBUGGING_SYMBOLS = YES;
				GCC_INLINES_ARE_PRIVATE_EXTERN = NO;
				GCC_OPTIMIZATION_LEVEL = 0;
				GCC_PREPROCESSOR_DEFINITIONS = "'CMAKE_INTDIR=\"$(CONFIGURATION)$(EFFECTIVE_PLATFORM_NAME)\"'";
				GCC_SYMBOLS_PRIVATE_EXTERN = NO;
				INSTALL_PATH = "";
				OTHER_LDFLAGS = " ";
				OTHER_REZFLAGS = "";
				PRODUCT_NAME = ZERO_CHECK;
				SECTORDER_FLAGS = "";
				SYMROOT = /Users/Aaron/Documents/GitHub/ArmorDetect/src/AaronBuild;
				USE_HEADERMAP = NO;
				WARNING_CFLAGS = (
					"-Wmost",
					"-Wno-four-char-constants",
					"-Wno-unknown-pragmas",
					"$(inherited)",
				);
			};
			name = MinSizeRel;
		};
		A896B232D6E443F4B4C21FDD /* Debug */ = {
			isa = XCBuildConfiguration;
			buildSettings = {
				ONLY_ACTIVE_ARCH = YES;
				SDKROOT = /Applications/Xcode.app/Contents/Developer/Platforms/MacOSX.platform/Developer/SDKs/MacOSX10.13.sdk;
				SYMROOT = /Users/Aaron/Documents/GitHub/ArmorDetect/src/AaronBuild/build;
			};
			name = Debug;
		};
		E091237090C246AD99860F41 /* RelWithDebInfo */ = {
			isa = XCBuildConfiguration;
			buildSettings = {
				COMBINE_HIDPI_IMAGES = YES;
				EXECUTABLE_PREFIX = "";
				EXECUTABLE_SUFFIX = "";
				GCC_GENERATE_DEBUGGING_SYMBOLS = YES;
				GCC_INLINES_ARE_PRIVATE_EXTERN = NO;
				GCC_OPTIMIZATION_LEVEL = 2;
				GCC_PREPROCESSOR_DEFINITIONS = "'CMAKE_INTDIR=\"$(CONFIGURATION)$(EFFECTIVE_PLATFORM_NAME)\"'";
				GCC_SYMBOLS_PRIVATE_EXTERN = NO;
				INSTALL_PATH = "";
				LD_RUNPATH_SEARCH_PATHS = /usr/local/lib;
				LIBRARY_SEARCH_PATHS = "";
				OTHER_CPLUSPLUSFLAGS = (
					"-std=c++11",
					"-DNDEBUG",
				);
				OTHER_LDFLAGS = (
					"-Wl,-search_paths_first",
					"-Wl,-headerpad_max_install_names",
					/usr/local/lib/libopencv_dnn.3.4.0.dylib,
					/usr/local/lib/libopencv_ml.3.4.0.dylib,
					/usr/local/lib/libopencv_objdetect.3.4.0.dylib,
					/usr/local/lib/libopencv_shape.3.4.0.dylib,
					/usr/local/lib/libopencv_stitching.3.4.0.dylib,
					/usr/local/lib/libopencv_superres.3.4.0.dylib,
					/usr/local/lib/libopencv_videostab.3.4.0.dylib,
					/usr/local/lib/libopencv_calib3d.3.4.0.dylib,
					/usr/local/lib/libopencv_features2d.3.4.0.dylib,
					/usr/local/lib/libopencv_flann.3.4.0.dylib,
					/usr/local/lib/libopencv_highgui.3.4.0.dylib,
					/usr/local/lib/libopencv_photo.3.4.0.dylib,
					/usr/local/lib/libopencv_video.3.4.0.dylib,
					/usr/local/lib/libopencv_videoio.3.4.0.dylib,
					/usr/local/lib/libopencv_imgcodecs.3.4.0.dylib,
					/usr/local/lib/libopencv_imgproc.3.4.0.dylib,
					/usr/local/lib/libopencv_core.3.4.0.dylib,
				);
				OTHER_REZFLAGS = "";
				PRODUCT_NAME = ArmorDetect;
				SECTORDER_FLAGS = "";
				SYMROOT = /Users/Aaron/Documents/GitHub/ArmorDetect/src/AaronBuild;
				SYSTEM_HEADER_SEARCH_PATHS = "/usr/local/include /usr/local/include/opencv";
				USE_HEADERMAP = NO;
				WARNING_CFLAGS = (
					"-Wmost",
					"-Wno-four-char-constants",
					"-Wno-unknown-pragmas",
					"$(inherited)",
				);
			};
			name = RelWithDebInfo;
		};
		EBC07B3AAB8D4B8EA68ED76E /* RelWithDebInfo */ = {
			isa = XCBuildConfiguration;
			buildSettings = {
				ONLY_ACTIVE_ARCH = YES;
				SDKROOT = /Applications/Xcode.app/Contents/Developer/Platforms/MacOSX.platform/Developer/SDKs/MacOSX10.13.sdk;
				SYMROOT = /Users/Aaron/Documents/GitHub/ArmorDetect/src/AaronBuild/build;
			};
			name = RelWithDebInfo;
		};
		ED47BACDA7FC4F0C8CC463E6 /* Debug */ = {
			isa = XCBuildConfiguration;
			buildSettings = {
				COMBINE_HIDPI_IMAGES = YES;
				GCC_GENERATE_DEBUGGING_SYMBOLS = YES;
				GCC_INLINES_ARE_PRIVATE_EXTERN = NO;
				GCC_OPTIMIZATION_LEVEL = 0;
				GCC_PREPROCESSOR_DEFINITIONS = "'CMAKE_INTDIR=\"$(CONFIGURATION)$(EFFECTIVE_PLATFORM_NAME)\"'";
				GCC_SYMBOLS_PRIVATE_EXTERN = NO;
				INSTALL_PATH = "";
				OTHER_LDFLAGS = " ";
				OTHER_REZFLAGS = "";
				PRODUCT_NAME = ALL_BUILD;
				SECTORDER_FLAGS = "";
				SYMROOT = /Users/Aaron/Documents/GitHub/ArmorDetect/src/AaronBuild;
				USE_HEADERMAP = NO;
				WARNING_CFLAGS = (
					"-Wmost",
					"-Wno-four-char-constants",
					"-Wno-unknown-pragmas",
					"$(inherited)",
				);
			};
			name = Debug;
		};
		FA99EA47CECA425B935AB839 /* RelWithDebInfo */ = {
			isa = XCBuildConfiguration;
			buildSettings = {
				COMBINE_HIDPI_IMAGES = YES;
				GCC_GENERATE_DEBUGGING_SYMBOLS = YES;
				GCC_INLINES_ARE_PRIVATE_EXTERN = NO;
				GCC_OPTIMIZATION_LEVEL = 0;
				GCC_PREPROCESSOR_DEFINITIONS = "'CMAKE_INTDIR=\"$(CONFIGURATION)$(EFFECTIVE_PLATFORM_NAME)\"'";
				GCC_SYMBOLS_PRIVATE_EXTERN = NO;
				INSTALL_PATH = "";
				OTHER_LDFLAGS = " ";
				OTHER_REZFLAGS = "";
				PRODUCT_NAME = ALL_BUILD;
				SECTORDER_FLAGS = "";
				SYMROOT = /Users/Aaron/Documents/GitHub/ArmorDetect/src/AaronBuild;
				USE_HEADERMAP = NO;
				WARNING_CFLAGS = (
					"-Wmost",
					"-Wno-four-char-constants",
					"-Wno-unknown-pragmas",
					"$(inherited)",
				);
			};
			name = RelWithDebInfo;
		};
/* End XCBuildConfiguration section */

/* Begin XCConfigurationList section */
		2E3BF642D17C4D6BBC382F8E /* Build configuration list for PBXAggregateTarget "ALL_BUILD" */ = {
			isa = XCConfigurationList;
			buildConfigurations = (
				ED47BACDA7FC4F0C8CC463E6 /* Debug */,
				0F3DF80AA21F4E4DB579437D /* Release */,
				1CDE5A2F5C594F348E781D77 /* MinSizeRel */,
				FA99EA47CECA425B935AB839 /* RelWithDebInfo */,
			);
			defaultConfigurationIsVisible = 0;
			defaultConfigurationName = Debug;
		};
		7B6F7AF1D9454CDABB0BA6AD /* Build configuration list for PBXAggregateTarget "ZERO_CHECK" */ = {
			isa = XCConfigurationList;
			buildConfigurations = (
				5546786423FE416EAE2220D4 /* Debug */,
				29448A57FDF2438CA5CD68D7 /* Release */,
				A421F8F160D24E86BBF8D405 /* MinSizeRel */,
				2EDBA62EA4C045F7955E2782 /* RelWithDebInfo */,
			);
			defaultConfigurationIsVisible = 0;
			defaultConfigurationName = Debug;
		};
		84DB1FC01EF7423789F3F24A /* Build configuration list for PBXNativeTarget "ArmorDetect" */ = {
			isa = XCConfigurationList;
			buildConfigurations = (
				5CE543FC099B47F6A8A6DAAB /* Debug */,
				5DB350FD48CE4BA8AD517957 /* Release */,
				48DB3AF24B0E46639D1CF610 /* MinSizeRel */,
				E091237090C246AD99860F41 /* RelWithDebInfo */,
			);
			defaultConfigurationIsVisible = 0;
			defaultConfigurationName = Debug;
		};
		9D73C0C5264144C09B15E6F0 /* Build configuration list for PBXProject "ArmorDetect" */ = {
			isa = XCConfigurationList;
			buildConfigurations = (
				A896B232D6E443F4B4C21FDD /* Debug */,
				2BB006870C544BCA90DCA994 /* Release */,
				36A276BFF4384BED99B50F3C /* MinSizeRel */,
				EBC07B3AAB8D4B8EA68ED76E /* RelWithDebInfo */,
			);
			defaultConfigurationIsVisible = 0;
			defaultConfigurationName = Debug;
		};
/* End XCConfigurationList section */
	};
	rootObject = 9264A4209DC74A9D84ACBB8C /* Project object */;
}
