// !$*UTF8*$!
{
	archiveVersion = 1;
	classes = {
	};
	objectVersion = 46;
	objects = {

/* Begin PBXAggregateTarget section */
		4FD86792D771412493AC0139 /* ALL_BUILD */ = {
			isa = PBXAggregateTarget;
			buildConfigurationList = A1097CE8D7114E0CB34AD843 /* Build configuration list for PBXAggregateTarget "ALL_BUILD" */;
			buildPhases = (
				94E9DBAD8A334F4E8BCA6FF0 /* CMake Rules */,
			);
			dependencies = (
				E52510D7A4F94C16BE85711C /* PBXTargetDependency */,
				8C4A3E58737C4E79AA8A0526 /* PBXTargetDependency */,
			);
			name = ALL_BUILD;
			productName = ALL_BUILD;
		};
		AC25217DF0204B6ABC566A11 /* ZERO_CHECK */ = {
			isa = PBXAggregateTarget;
			buildConfigurationList = 6673518A5D5D43C1AB7AB63C /* Build configuration list for PBXAggregateTarget "ZERO_CHECK" */;
			buildPhases = (
				F7C75374324F4DDFBF622F13 /* CMake Rules */,
			);
			dependencies = (
			);
			name = ZERO_CHECK;
			productName = ZERO_CHECK;
		};
/* End PBXAggregateTarget section */

/* Begin PBXBuildFile section */
		2A8846585E87454898ADE829 /* /Users/Aaron/Documents/GitHub/ArmorDetect/src/AD_Util.cpp */ = {isa = PBXBuildFile; fileRef = F92FBF9920D041D68E4188E8 /* /Users/Aaron/Documents/GitHub/ArmorDetect/src/AD_Util.cpp */; };
		56BA13A1BD7342EE90578853 /* /Users/Aaron/Documents/GitHub/ArmorDetect/src/main.cpp */ = {isa = PBXBuildFile; fileRef = 8909F0B693944A9790B5CBE3 /* /Users/Aaron/Documents/GitHub/ArmorDetect/src/main.cpp */; };
		ED118D44659A40D0A1F7C123 /* /Users/Aaron/Documents/GitHub/ArmorDetect/src/CMakeLists.txt */ = {isa = PBXBuildFile; fileRef = FFC30988EF4144F6868F8180 /* /Users/Aaron/Documents/GitHub/ArmorDetect/src/CMakeLists.txt */; };
/* End PBXBuildFile section */

/* Begin PBXBuildStyle section */
		3BC37C0A40B64F7DBB7DEC3F /* RelWithDebInfo */ = {
			isa = PBXBuildStyle;
			buildSettings = {
				COPY_PHASE_STRIP = NO;
			};
			name = RelWithDebInfo;
		};
		400217C0692548958B43442B /* Debug */ = {
			isa = PBXBuildStyle;
			buildSettings = {
				COPY_PHASE_STRIP = NO;
			};
			name = Debug;
		};
		97DA543D90024255B93B687E /* MinSizeRel */ = {
			isa = PBXBuildStyle;
			buildSettings = {
				COPY_PHASE_STRIP = NO;
			};
			name = MinSizeRel;
		};
		A8536141653D445995C21376 /* Release */ = {
			isa = PBXBuildStyle;
			buildSettings = {
				COPY_PHASE_STRIP = NO;
			};
			name = Release;
		};
/* End PBXBuildStyle section */

/* Begin PBXContainerItemProxy section */
		0CFD5DC8C8D84595A6F8436B /* PBXContainerItemProxy */ = {
			isa = PBXContainerItemProxy;
			containerPortal = 9264A4209DC74A9D84ACBB8C /* Project object */;
			proxyType = 1;
			remoteGlobalIDString = BC2502DAA8E048C7ACF43A1C;
			remoteInfo = ArmorDetect;
		};
		37E314354E964D1CAAC9E5F3 /* PBXContainerItemProxy */ = {
			isa = PBXContainerItemProxy;
			containerPortal = 9264A4209DC74A9D84ACBB8C /* Project object */;
			proxyType = 1;
			remoteGlobalIDString = AC25217DF0204B6ABC566A11;
			remoteInfo = ZERO_CHECK;
		};
		5A9548A675EC4A7C92AF9509 /* PBXContainerItemProxy */ = {
			isa = PBXContainerItemProxy;
			containerPortal = 9264A4209DC74A9D84ACBB8C /* Project object */;
			proxyType = 1;
			remoteGlobalIDString = AC25217DF0204B6ABC566A11;
			remoteInfo = ZERO_CHECK;
		};
/* End PBXContainerItemProxy section */

/* Begin PBXFileReference section */
		8909F0B693944A9790B5CBE3 /* /Users/Aaron/Documents/GitHub/ArmorDetect/src/main.cpp */ = {isa = PBXFileReference; explicitFileType = sourcecode.cpp.cpp; fileEncoding = 4; name = main.cpp; path = main.cpp; sourceTree = SOURCE_ROOT; };
		92D128357832499799307EED /* /Users/Aaron/Documents/GitHub/ArmorDetect/src/CMakeLists.txt */ = {isa = PBXFileReference; explicitFileType = sourcecode.text; fileEncoding = 4; name = CMakeLists.txt; path = CMakeLists.txt; sourceTree = SOURCE_ROOT; };
		992B42438BCC421AACC9578A /* /Users/Aaron/Documents/GitHub/ArmorDetect/src/CMakeLists.txt */ = {isa = PBXFileReference; explicitFileType = sourcecode.text; fileEncoding = 4; name = CMakeLists.txt; path = CMakeLists.txt; sourceTree = SOURCE_ROOT; };
		AF193A4300A941A5ABE7A7F1 /* ArmorDetect */ = {isa = PBXFileReference; explicitFileType = "compiled.mach-o.executable"; path = ArmorDetect; sourceTree = BUILT_PRODUCTS_DIR; };
		F92FBF9920D041D68E4188E8 /* /Users/Aaron/Documents/GitHub/ArmorDetect/src/AD_Util.cpp */ = {isa = PBXFileReference; explicitFileType = sourcecode.cpp.cpp; fileEncoding = 4; name = AD_Util.cpp; path = AD_Util.cpp; sourceTree = SOURCE_ROOT; };
		FFC30988EF4144F6868F8180 /* /Users/Aaron/Documents/GitHub/ArmorDetect/src/CMakeLists.txt */ = {isa = PBXFileReference; explicitFileType = sourcecode.text; fileEncoding = 4; name = CMakeLists.txt; path = CMakeLists.txt; sourceTree = SOURCE_ROOT; };
/* End PBXFileReference section */

/* Begin PBXGroup section */
		0F6A0E9C80F44C8FBB986941 /* ArmorDetect */ = {
			isa = PBXGroup;
			children = (
				E773957ED14E46FA88B7DF8C /* Source Files */,
				FFC30988EF4144F6868F8180 /* /Users/Aaron/Documents/GitHub/ArmorDetect/src/CMakeLists.txt */,
			);
			name = ArmorDetect;
			sourceTree = "<group>";
		};
		3877B62FDBBE430BB6DDE615 /* CMake Rules */ = {
			isa = PBXGroup;
			children = (
			);
			name = "CMake Rules";
			sourceTree = "<group>";
		};
		6DE808814D3E4221A57BDE82 /* CMake Rules */ = {
			isa = PBXGroup;
			children = (
			);
			name = "CMake Rules";
			sourceTree = "<group>";
		};
		A38B478BB34444F9873D53B7 /* ZERO_CHECK */ = {
			isa = PBXGroup;
			children = (
				3877B62FDBBE430BB6DDE615 /* CMake Rules */,
				992B42438BCC421AACC9578A /* /Users/Aaron/Documents/GitHub/ArmorDetect/src/CMakeLists.txt */,
			);
			name = ZERO_CHECK;
			sourceTree = "<group>";
		};
		D3F45215A0F64B3F86EB84B0 = {
			isa = PBXGroup;
			children = (
				0F6A0E9C80F44C8FBB986941 /* ArmorDetect */,
				E381085B36D1450E967B4081 /* ALL_BUILD */,
				A38B478BB34444F9873D53B7 /* ZERO_CHECK */,
				E92397A01971464B9BA31171 /* Products */,
			);
			sourceTree = "<group>";
		};
		E381085B36D1450E967B4081 /* ALL_BUILD */ = {
			isa = PBXGroup;
			children = (
				6DE808814D3E4221A57BDE82 /* CMake Rules */,
				92D128357832499799307EED /* /Users/Aaron/Documents/GitHub/ArmorDetect/src/CMakeLists.txt */,
			);
			name = ALL_BUILD;
			sourceTree = "<group>";
		};
		E773957ED14E46FA88B7DF8C /* Source Files */ = {
			isa = PBXGroup;
			children = (
				F92FBF9920D041D68E4188E8 /* /Users/Aaron/Documents/GitHub/ArmorDetect/src/AD_Util.cpp */,
				8909F0B693944A9790B5CBE3 /* /Users/Aaron/Documents/GitHub/ArmorDetect/src/main.cpp */,
			);
			name = "Source Files";
			sourceTree = "<group>";
		};
		E92397A01971464B9BA31171 /* Products */ = {
			isa = PBXGroup;
			children = (
				AF193A4300A941A5ABE7A7F1 /* ArmorDetect */,
			);
			name = Products;
			sourceTree = "<group>";
		};
/* End PBXGroup section */

/* Begin PBXNativeTarget section */
		BC2502DAA8E048C7ACF43A1C /* ArmorDetect */ = {
			isa = PBXNativeTarget;
			buildConfigurationList = 949628F41C504E719E75F573 /* Build configuration list for PBXNativeTarget "ArmorDetect" */;
			buildPhases = (
				F79AB350578442F396807846 /* Sources */,
			);
			buildRules = (
			);
			dependencies = (
				40A34C08B71247C6BC90EFD2 /* PBXTargetDependency */,
			);
			name = ArmorDetect;
			productName = ArmorDetect;
			productReference = AF193A4300A941A5ABE7A7F1 /* ArmorDetect */;
			productType = "com.apple.product-type.tool";
		};
/* End PBXNativeTarget section */

/* Begin PBXProject section */
		9264A4209DC74A9D84ACBB8C /* Project object */ = {
			isa = PBXProject;
			attributes = {
				BuildIndependentTargetsInParallel = YES;
				LastUpgradeCheck = 0920;
			};
			buildConfigurationList = F5B3F33CBAB74CF98B6C717B /* Build configuration list for PBXProject "ArmorDetect" */;
			buildSettings = {
			};
			buildStyles = (
				400217C0692548958B43442B /* Debug */,
				A8536141653D445995C21376 /* Release */,
				97DA543D90024255B93B687E /* MinSizeRel */,
				3BC37C0A40B64F7DBB7DEC3F /* RelWithDebInfo */,
			);
			compatibilityVersion = "Xcode 3.2";
			hasScannedForEncodings = 0;
			mainGroup = D3F45215A0F64B3F86EB84B0;
			projectDirPath = ../;
			projectRoot = "";
			targets = (
				4FD86792D771412493AC0139 /* ALL_BUILD */,
				BC2502DAA8E048C7ACF43A1C /* ArmorDetect */,
				AC25217DF0204B6ABC566A11 /* ZERO_CHECK */,
			);
		};
/* End PBXProject section */

/* Begin PBXShellScriptBuildPhase section */
		94E9DBAD8A334F4E8BCA6FF0 /* CMake Rules */ = {
			isa = PBXShellScriptBuildPhase;
			buildActionMask = 2147483647;
			files = (
			);
			name = "CMake Rules";
			runOnlyForDeploymentPostprocessing = 0;
			shellPath = /bin/sh;
			shellScript = "make -C /Users/Aaron/Documents/GitHub/ArmorDetect/src/AaronBuild -f /Users/Aaron/Documents/GitHub/ArmorDetect/src/AaronBuild/CMakeScripts/ALL_BUILD_cmakeRulesBuildPhase.make$CONFIGURATION all";
			showEnvVarsInLog = 0;
		};
		C98D4F50B07C477BBB0855D2 = {
			isa = PBXShellScriptBuildPhase;
			buildActionMask = 2147483647;
			files = (
			);
			inputPaths = (
			);
			outputPaths = (
			);
			runOnlyForDeploymentPostprocessing = 0;
			shellPath = /bin/sh;
			shellScript = "# shell script goes here
exit 0";
			showEnvVarsInLog = 0;
		};
		E3D6E1CC5CFA45BEAB0E73F3 = {
			isa = PBXShellScriptBuildPhase;
			buildActionMask = 2147483647;
			files = (
			);
			inputPaths = (
			);
			outputPaths = (
			);
			runOnlyForDeploymentPostprocessing = 0;
			shellPath = /bin/sh;
			shellScript = "# shell script goes here
exit 0";
			showEnvVarsInLog = 0;
		};
		F7C75374324F4DDFBF622F13 /* CMake Rules */ = {
			isa = PBXShellScriptBuildPhase;
			buildActionMask = 2147483647;
			files = (
			);
			name = "CMake Rules";
			runOnlyForDeploymentPostprocessing = 0;
			shellPath = /bin/sh;
			shellScript = "make -C /Users/Aaron/Documents/GitHub/ArmorDetect/src/AaronBuild -f /Users/Aaron/Documents/GitHub/ArmorDetect/src/AaronBuild/CMakeScripts/ZERO_CHECK_cmakeRulesBuildPhase.make$CONFIGURATION all";
			showEnvVarsInLog = 0;
		};
/* End PBXShellScriptBuildPhase section */

/* Begin PBXSourcesBuildPhase section */
		F79AB350578442F396807846 /* Sources */ = {
			isa = PBXSourcesBuildPhase;
			buildActionMask = 2147483647;
			files = (
				2A8846585E87454898ADE829 /* /Users/Aaron/Documents/GitHub/ArmorDetect/src/AD_Util.cpp */,
				56BA13A1BD7342EE90578853 /* /Users/Aaron/Documents/GitHub/ArmorDetect/src/main.cpp */,
			);
			runOnlyForDeploymentPostprocessing = 0;
		};
/* End PBXSourcesBuildPhase section */

/* Begin PBXTargetDependency section */
		40A34C08B71247C6BC90EFD2 /* PBXTargetDependency */ = {
			isa = PBXTargetDependency;
			target = AC25217DF0204B6ABC566A11 /* ZERO_CHECK */;
			targetProxy = 37E314354E964D1CAAC9E5F3 /* PBXContainerItemProxy */;
		};
		8C4A3E58737C4E79AA8A0526 /* PBXTargetDependency */ = {
			isa = PBXTargetDependency;
			target = AC25217DF0204B6ABC566A11 /* ZERO_CHECK */;
			targetProxy = 5A9548A675EC4A7C92AF9509 /* PBXContainerItemProxy */;
		};
		E52510D7A4F94C16BE85711C /* PBXTargetDependency */ = {
			isa = PBXTargetDependency;
			target = BC2502DAA8E048C7ACF43A1C /* ArmorDetect */;
			targetProxy = 0CFD5DC8C8D84595A6F8436B /* PBXContainerItemProxy */;
		};
/* End PBXTargetDependency section */

/* Begin XCBuildConfiguration section */
		02E611F8542041B189D0BA91 /* RelWithDebInfo */ = {
			isa = XCBuildConfiguration;
			buildSettings = {
				ONLY_ACTIVE_ARCH = YES;
				SDKROOT = /Applications/Xcode.app/Contents/Developer/Platforms/MacOSX.platform/Developer/SDKs/MacOSX10.13.sdk;
				SYMROOT = /Users/Aaron/Documents/GitHub/ArmorDetect/src/AaronBuild/build;
			};
			name = RelWithDebInfo;
		};
		10FAB2CDDEB8458795F1F652 /* MinSizeRel */ = {
			isa = XCBuildConfiguration;
			buildSettings = {
				ONLY_ACTIVE_ARCH = YES;
				SDKROOT = /Applications/Xcode.app/Contents/Developer/Platforms/MacOSX.platform/Developer/SDKs/MacOSX10.13.sdk;
				SYMROOT = /Users/Aaron/Documents/GitHub/ArmorDetect/src/AaronBuild/build;
			};
			name = MinSizeRel;
		};
		2087F99888A14F2798C12A5B /* Debug */ = {
			isa = XCBuildConfiguration;
			buildSettings = {
				COMBINE_HIDPI_IMAGES = YES;
				GCC_GENERATE_DEBUGGING_SYMBOLS = YES;
				GCC_INLINES_ARE_PRIVATE_EXTERN = NO;
				GCC_OPTIMIZATION_LEVEL = 0;
				GCC_PREPROCESSOR_DEFINITIONS = ("'CMAKE_INTDIR=\"$(CONFIGURATION)$(EFFECTIVE_PLATFORM_NAME)\"'");
				GCC_SYMBOLS_PRIVATE_EXTERN = NO;
				INSTALL_PATH = "";
				OTHER_LDFLAGS = " ";
				OTHER_REZFLAGS = "";
				PRODUCT_NAME = ZERO_CHECK;
				SECTORDER_FLAGS = "";
				SYMROOT = /Users/Aaron/Documents/GitHub/ArmorDetect/src/AaronBuild;
				USE_HEADERMAP = NO;
				WARNING_CFLAGS = ("-Wmost","-Wno-four-char-constants","-Wno-unknown-pragmas","$(inherited)");
			};
			name = Debug;
		};
		2BD752FF3E2248EAB6E10493 /* MinSizeRel */ = {
			isa = XCBuildConfiguration;
			buildSettings = {
				COMBINE_HIDPI_IMAGES = YES;
				GCC_GENERATE_DEBUGGING_SYMBOLS = YES;
				GCC_INLINES_ARE_PRIVATE_EXTERN = NO;
				GCC_OPTIMIZATION_LEVEL = 0;
				GCC_PREPROCESSOR_DEFINITIONS = ("'CMAKE_INTDIR=\"$(CONFIGURATION)$(EFFECTIVE_PLATFORM_NAME)\"'");
				GCC_SYMBOLS_PRIVATE_EXTERN = NO;
				INSTALL_PATH = "";
				OTHER_LDFLAGS = " ";
				OTHER_REZFLAGS = "";
				PRODUCT_NAME = ALL_BUILD;
				SECTORDER_FLAGS = "";
				SYMROOT = /Users/Aaron/Documents/GitHub/ArmorDetect/src/AaronBuild;
				USE_HEADERMAP = NO;
				WARNING_CFLAGS = ("-Wmost","-Wno-four-char-constants","-Wno-unknown-pragmas","$(inherited)");
			};
			name = MinSizeRel;
		};
		504064362A3A4F99BD6C20A5 /* RelWithDebInfo */ = {
			isa = XCBuildConfiguration;
			buildSettings = {
				COMBINE_HIDPI_IMAGES = YES;
				GCC_GENERATE_DEBUGGING_SYMBOLS = YES;
				GCC_INLINES_ARE_PRIVATE_EXTERN = NO;
				GCC_OPTIMIZATION_LEVEL = 0;
				GCC_PREPROCESSOR_DEFINITIONS = ("'CMAKE_INTDIR=\"$(CONFIGURATION)$(EFFECTIVE_PLATFORM_NAME)\"'");
				GCC_SYMBOLS_PRIVATE_EXTERN = NO;
				INSTALL_PATH = "";
				OTHER_LDFLAGS = " ";
				OTHER_REZFLAGS = "";
				PRODUCT_NAME = ZERO_CHECK;
				SECTORDER_FLAGS = "";
				SYMROOT = /Users/Aaron/Documents/GitHub/ArmorDetect/src/AaronBuild;
				USE_HEADERMAP = NO;
				WARNING_CFLAGS = ("-Wmost","-Wno-four-char-constants","-Wno-unknown-pragmas","$(inherited)");
			};
			name = RelWithDebInfo;
		};
		576FF722C2B24336801BFA45 /* Release */ = {
			isa = XCBuildConfiguration;
			buildSettings = {
				COMBINE_HIDPI_IMAGES = YES;
				GCC_GENERATE_DEBUGGING_SYMBOLS = YES;
				GCC_INLINES_ARE_PRIVATE_EXTERN = NO;
				GCC_OPTIMIZATION_LEVEL = 0;
				GCC_PREPROCESSOR_DEFINITIONS = ("'CMAKE_INTDIR=\"$(CONFIGURATION)$(EFFECTIVE_PLATFORM_NAME)\"'");
				GCC_SYMBOLS_PRIVATE_EXTERN = NO;
				INSTALL_PATH = "";
				OTHER_LDFLAGS = " ";
				OTHER_REZFLAGS = "";
				PRODUCT_NAME = ZERO_CHECK;
				SECTORDER_FLAGS = "";
				SYMROOT = /Users/Aaron/Documents/GitHub/ArmorDetect/src/AaronBuild;
				USE_HEADERMAP = NO;
				WARNING_CFLAGS = ("-Wmost","-Wno-four-char-constants","-Wno-unknown-pragmas","$(inherited)");
			};
			name = Release;
		};
		59164BDF634B414BBA45094C /* MinSizeRel */ = {
			isa = XCBuildConfiguration;
			buildSettings = {
				COMBINE_HIDPI_IMAGES = YES;
				EXECUTABLE_PREFIX = "";
				EXECUTABLE_SUFFIX = "";
				GCC_GENERATE_DEBUGGING_SYMBOLS = NO;
				GCC_INLINES_ARE_PRIVATE_EXTERN = NO;
				GCC_OPTIMIZATION_LEVEL = s;
				GCC_PREPROCESSOR_DEFINITIONS = ("'CMAKE_INTDIR=\"$(CONFIGURATION)$(EFFECTIVE_PLATFORM_NAME)\"'");
				GCC_SYMBOLS_PRIVATE_EXTERN = NO;
				INSTALL_PATH = "";
				LD_RUNPATH_SEARCH_PATHS = /usr/local/lib;
				LIBRARY_SEARCH_PATHS = "";
				OTHER_CPLUSPLUSFLAGS = " -std=c++11     -DNDEBUG  ";
				OTHER_LDFLAGS = " -Wl,-search_paths_first -Wl,-headerpad_max_install_names  /usr/local/lib/libopencv_dnn.3.4.0.dylib /usr/local/lib/libopencv_ml.3.4.0.dylib /usr/local/lib/libopencv_objdetect.3.4.0.dylib /usr/local/lib/libopencv_shape.3.4.0.dylib /usr/local/lib/libopencv_stitching.3.4.0.dylib /usr/local/lib/libopencv_superres.3.4.0.dylib /usr/local/lib/libopencv_videostab.3.4.0.dylib /usr/local/lib/libopencv_calib3d.3.4.0.dylib /usr/local/lib/libopencv_features2d.3.4.0.dylib /usr/local/lib/libopencv_flann.3.4.0.dylib /usr/local/lib/libopencv_highgui.3.4.0.dylib /usr/local/lib/libopencv_photo.3.4.0.dylib /usr/local/lib/libopencv_video.3.4.0.dylib /usr/local/lib/libopencv_videoio.3.4.0.dylib /usr/local/lib/libopencv_imgcodecs.3.4.0.dylib /usr/local/lib/libopencv_imgproc.3.4.0.dylib /usr/local/lib/libopencv_core.3.4.0.dylib";
				OTHER_REZFLAGS = "";
				PRODUCT_NAME = ArmorDetect;
				SECTORDER_FLAGS = "";
				SYMROOT = /Users/Aaron/Documents/GitHub/ArmorDetect/src/AaronBuild;
				SYSTEM_HEADER_SEARCH_PATHS = (/usr/local/include,/usr/local/include/opencv);
				USE_HEADERMAP = NO;
				WARNING_CFLAGS = ("-Wmost","-Wno-four-char-constants","-Wno-unknown-pragmas","$(inherited)");
			};
			name = MinSizeRel;
		};
		8BC950B7C1E344DC9EE9EE79 /* Release */ = {
			isa = XCBuildConfiguration;
			buildSettings = {
				COMBINE_HIDPI_IMAGES = YES;
				GCC_GENERATE_DEBUGGING_SYMBOLS = YES;
				GCC_INLINES_ARE_PRIVATE_EXTERN = NO;
				GCC_OPTIMIZATION_LEVEL = 0;
				GCC_PREPROCESSOR_DEFINITIONS = ("'CMAKE_INTDIR=\"$(CONFIGURATION)$(EFFECTIVE_PLATFORM_NAME)\"'");
				GCC_SYMBOLS_PRIVATE_EXTERN = NO;
				INSTALL_PATH = "";
				OTHER_LDFLAGS = " ";
				OTHER_REZFLAGS = "";
				PRODUCT_NAME = ALL_BUILD;
				SECTORDER_FLAGS = "";
				SYMROOT = /Users/Aaron/Documents/GitHub/ArmorDetect/src/AaronBuild;
				USE_HEADERMAP = NO;
				WARNING_CFLAGS = ("-Wmost","-Wno-four-char-constants","-Wno-unknown-pragmas","$(inherited)");
			};
			name = Release;
		};
		AA86228DA611413CA754CA28 /* MinSizeRel */ = {
			isa = XCBuildConfiguration;
			buildSettings = {
				COMBINE_HIDPI_IMAGES = YES;
				GCC_GENERATE_DEBUGGING_SYMBOLS = YES;
				GCC_INLINES_ARE_PRIVATE_EXTERN = NO;
				GCC_OPTIMIZATION_LEVEL = 0;
				GCC_PREPROCESSOR_DEFINITIONS = ("'CMAKE_INTDIR=\"$(CONFIGURATION)$(EFFECTIVE_PLATFORM_NAME)\"'");
				GCC_SYMBOLS_PRIVATE_EXTERN = NO;
				INSTALL_PATH = "";
				OTHER_LDFLAGS = " ";
				OTHER_REZFLAGS = "";
				PRODUCT_NAME = ZERO_CHECK;
				SECTORDER_FLAGS = "";
				SYMROOT = /Users/Aaron/Documents/GitHub/ArmorDetect/src/AaronBuild;
				USE_HEADERMAP = NO;
				WARNING_CFLAGS = ("-Wmost","-Wno-four-char-constants","-Wno-unknown-pragmas","$(inherited)");
			};
			name = MinSizeRel;
		};
		B28379D003EF432ABE688456 /* Release */ = {
			isa = XCBuildConfiguration;
			buildSettings = {
				COMBINE_HIDPI_IMAGES = YES;
				EXECUTABLE_PREFIX = "";
				EXECUTABLE_SUFFIX = "";
				GCC_GENERATE_DEBUGGING_SYMBOLS = NO;
				GCC_INLINES_ARE_PRIVATE_EXTERN = NO;
				GCC_OPTIMIZATION_LEVEL = 3;
				GCC_PREPROCESSOR_DEFINITIONS = ("'CMAKE_INTDIR=\"$(CONFIGURATION)$(EFFECTIVE_PLATFORM_NAME)\"'");
				GCC_SYMBOLS_PRIVATE_EXTERN = NO;
				INSTALL_PATH = "";
				LD_RUNPATH_SEARCH_PATHS = /usr/local/lib;
				LIBRARY_SEARCH_PATHS = "";
				OTHER_CPLUSPLUSFLAGS = " -std=c++11     -DNDEBUG  ";
				OTHER_LDFLAGS = " -Wl,-search_paths_first -Wl,-headerpad_max_install_names  /usr/local/lib/libopencv_dnn.3.4.0.dylib /usr/local/lib/libopencv_ml.3.4.0.dylib /usr/local/lib/libopencv_objdetect.3.4.0.dylib /usr/local/lib/libopencv_shape.3.4.0.dylib /usr/local/lib/libopencv_stitching.3.4.0.dylib /usr/local/lib/libopencv_superres.3.4.0.dylib /usr/local/lib/libopencv_videostab.3.4.0.dylib /usr/local/lib/libopencv_calib3d.3.4.0.dylib /usr/local/lib/libopencv_features2d.3.4.0.dylib /usr/local/lib/libopencv_flann.3.4.0.dylib /usr/local/lib/libopencv_highgui.3.4.0.dylib /usr/local/lib/libopencv_photo.3.4.0.dylib /usr/local/lib/libopencv_video.3.4.0.dylib /usr/local/lib/libopencv_videoio.3.4.0.dylib /usr/local/lib/libopencv_imgcodecs.3.4.0.dylib /usr/local/lib/libopencv_imgproc.3.4.0.dylib /usr/local/lib/libopencv_core.3.4.0.dylib";
				OTHER_REZFLAGS = "";
				PRODUCT_NAME = ArmorDetect;
				SECTORDER_FLAGS = "";
				SYMROOT = /Users/Aaron/Documents/GitHub/ArmorDetect/src/AaronBuild;
				SYSTEM_HEADER_SEARCH_PATHS = (/usr/local/include,/usr/local/include/opencv);
				USE_HEADERMAP = NO;
				WARNING_CFLAGS = ("-Wmost","-Wno-four-char-constants","-Wno-unknown-pragmas","$(inherited)");
			};
			name = Release;
		};
		C9A79CE6E54D4428B4C45ECE /* RelWithDebInfo */ = {
			isa = XCBuildConfiguration;
			buildSettings = {
				COMBINE_HIDPI_IMAGES = YES;
				GCC_GENERATE_DEBUGGING_SYMBOLS = YES;
				GCC_INLINES_ARE_PRIVATE_EXTERN = NO;
				GCC_OPTIMIZATION_LEVEL = 0;
				GCC_PREPROCESSOR_DEFINITIONS = ("'CMAKE_INTDIR=\"$(CONFIGURATION)$(EFFECTIVE_PLATFORM_NAME)\"'");
				GCC_SYMBOLS_PRIVATE_EXTERN = NO;
				INSTALL_PATH = "";
				OTHER_LDFLAGS = " ";
				OTHER_REZFLAGS = "";
				PRODUCT_NAME = ALL_BUILD;
				SECTORDER_FLAGS = "";
				SYMROOT = /Users/Aaron/Documents/GitHub/ArmorDetect/src/AaronBuild;
				USE_HEADERMAP = NO;
				WARNING_CFLAGS = ("-Wmost","-Wno-four-char-constants","-Wno-unknown-pragmas","$(inherited)");
			};
			name = RelWithDebInfo;
		};
		D10D2BE4E5AB4D67B0014874 /* Release */ = {
			isa = XCBuildConfiguration;
			buildSettings = {
				ONLY_ACTIVE_ARCH = YES;
				SDKROOT = /Applications/Xcode.app/Contents/Developer/Platforms/MacOSX.platform/Developer/SDKs/MacOSX10.13.sdk;
				SYMROOT = /Users/Aaron/Documents/GitHub/ArmorDetect/src/AaronBuild/build;
			};
			name = Release;
		};
		DEEA3E75060C40C3B524EB7F /* Debug */ = {
			isa = XCBuildConfiguration;
			buildSettings = {
				COMBINE_HIDPI_IMAGES = YES;
				GCC_GENERATE_DEBUGGING_SYMBOLS = YES;
				GCC_INLINES_ARE_PRIVATE_EXTERN = NO;
				GCC_OPTIMIZATION_LEVEL = 0;
				GCC_PREPROCESSOR_DEFINITIONS = ("'CMAKE_INTDIR=\"$(CONFIGURATION)$(EFFECTIVE_PLATFORM_NAME)\"'");
				GCC_SYMBOLS_PRIVATE_EXTERN = NO;
				INSTALL_PATH = "";
				OTHER_LDFLAGS = " ";
				OTHER_REZFLAGS = "";
				PRODUCT_NAME = ALL_BUILD;
				SECTORDER_FLAGS = "";
				SYMROOT = /Users/Aaron/Documents/GitHub/ArmorDetect/src/AaronBuild;
				USE_HEADERMAP = NO;
				WARNING_CFLAGS = ("-Wmost","-Wno-four-char-constants","-Wno-unknown-pragmas","$(inherited)");
			};
			name = Debug;
		};
		E2B8399AF8A9452CBFE4ED73 /* Debug */ = {
			isa = XCBuildConfiguration;
			buildSettings = {
				ONLY_ACTIVE_ARCH = YES;
				SDKROOT = /Applications/Xcode.app/Contents/Developer/Platforms/MacOSX.platform/Developer/SDKs/MacOSX10.13.sdk;
				SYMROOT = /Users/Aaron/Documents/GitHub/ArmorDetect/src/AaronBuild/build;
			};
			name = Debug;
		};
		E568A475B08B44CF8161039B /* RelWithDebInfo */ = {
			isa = XCBuildConfiguration;
			buildSettings = {
				COMBINE_HIDPI_IMAGES = YES;
				EXECUTABLE_PREFIX = "";
				EXECUTABLE_SUFFIX = "";
				GCC_GENERATE_DEBUGGING_SYMBOLS = YES;
				GCC_INLINES_ARE_PRIVATE_EXTERN = NO;
				GCC_OPTIMIZATION_LEVEL = 2;
				GCC_PREPROCESSOR_DEFINITIONS = ("'CMAKE_INTDIR=\"$(CONFIGURATION)$(EFFECTIVE_PLATFORM_NAME)\"'");
				GCC_SYMBOLS_PRIVATE_EXTERN = NO;
				INSTALL_PATH = "";
				LD_RUNPATH_SEARCH_PATHS = /usr/local/lib;
				LIBRARY_SEARCH_PATHS = "";
				OTHER_CPLUSPLUSFLAGS = " -std=c++11        -DNDEBUG  ";
				OTHER_LDFLAGS = " -Wl,-search_paths_first -Wl,-headerpad_max_install_names  /usr/local/lib/libopencv_dnn.3.4.0.dylib /usr/local/lib/libopencv_ml.3.4.0.dylib /usr/local/lib/libopencv_objdetect.3.4.0.dylib /usr/local/lib/libopencv_shape.3.4.0.dylib /usr/local/lib/libopencv_stitching.3.4.0.dylib /usr/local/lib/libopencv_superres.3.4.0.dylib /usr/local/lib/libopencv_videostab.3.4.0.dylib /usr/local/lib/libopencv_calib3d.3.4.0.dylib /usr/local/lib/libopencv_features2d.3.4.0.dylib /usr/local/lib/libopencv_flann.3.4.0.dylib /usr/local/lib/libopencv_highgui.3.4.0.dylib /usr/local/lib/libopencv_photo.3.4.0.dylib /usr/local/lib/libopencv_video.3.4.0.dylib /usr/local/lib/libopencv_videoio.3.4.0.dylib /usr/local/lib/libopencv_imgcodecs.3.4.0.dylib /usr/local/lib/libopencv_imgproc.3.4.0.dylib /usr/local/lib/libopencv_core.3.4.0.dylib";
				OTHER_REZFLAGS = "";
				PRODUCT_NAME = ArmorDetect;
				SECTORDER_FLAGS = "";
				SYMROOT = /Users/Aaron/Documents/GitHub/ArmorDetect/src/AaronBuild;
				SYSTEM_HEADER_SEARCH_PATHS = (/usr/local/include,/usr/local/include/opencv);
				USE_HEADERMAP = NO;
				WARNING_CFLAGS = ("-Wmost","-Wno-four-char-constants","-Wno-unknown-pragmas","$(inherited)");
			};
			name = RelWithDebInfo;
		};
		EC8E47C034834B0EA598DBFE /* Debug */ = {
			isa = XCBuildConfiguration;
			buildSettings = {
				COMBINE_HIDPI_IMAGES = YES;
				EXECUTABLE_PREFIX = "";
				EXECUTABLE_SUFFIX = "";
				GCC_GENERATE_DEBUGGING_SYMBOLS = YES;
				GCC_INLINES_ARE_PRIVATE_EXTERN = NO;
				GCC_OPTIMIZATION_LEVEL = 0;
				GCC_PREPROCESSOR_DEFINITIONS = ("'CMAKE_INTDIR=\"$(CONFIGURATION)$(EFFECTIVE_PLATFORM_NAME)\"'");
				GCC_SYMBOLS_PRIVATE_EXTERN = NO;
				INSTALL_PATH = "";
				LD_RUNPATH_SEARCH_PATHS = /usr/local/lib;
				LIBRARY_SEARCH_PATHS = "";
				OTHER_CPLUSPLUSFLAGS = " -std=c++11     ";
				OTHER_LDFLAGS = " -Wl,-search_paths_first -Wl,-headerpad_max_install_names  /usr/local/lib/libopencv_dnn.3.4.0.dylib /usr/local/lib/libopencv_ml.3.4.0.dylib /usr/local/lib/libopencv_objdetect.3.4.0.dylib /usr/local/lib/libopencv_shape.3.4.0.dylib /usr/local/lib/libopencv_stitching.3.4.0.dylib /usr/local/lib/libopencv_superres.3.4.0.dylib /usr/local/lib/libopencv_videostab.3.4.0.dylib /usr/local/lib/libopencv_calib3d.3.4.0.dylib /usr/local/lib/libopencv_features2d.3.4.0.dylib /usr/local/lib/libopencv_flann.3.4.0.dylib /usr/local/lib/libopencv_highgui.3.4.0.dylib /usr/local/lib/libopencv_photo.3.4.0.dylib /usr/local/lib/libopencv_video.3.4.0.dylib /usr/local/lib/libopencv_videoio.3.4.0.dylib /usr/local/lib/libopencv_imgcodecs.3.4.0.dylib /usr/local/lib/libopencv_imgproc.3.4.0.dylib /usr/local/lib/libopencv_core.3.4.0.dylib";
				OTHER_REZFLAGS = "";
				PRODUCT_NAME = ArmorDetect;
				SECTORDER_FLAGS = "";
				SYMROOT = /Users/Aaron/Documents/GitHub/ArmorDetect/src/AaronBuild;
				SYSTEM_HEADER_SEARCH_PATHS = (/usr/local/include,/usr/local/include/opencv);
				USE_HEADERMAP = NO;
				WARNING_CFLAGS = ("-Wmost","-Wno-four-char-constants","-Wno-unknown-pragmas","$(inherited)");
			};
			name = Debug;
		};
/* End XCBuildConfiguration section */

/* Begin XCConfigurationList section */
		6673518A5D5D43C1AB7AB63C /* Build configuration list for PBXAggregateTarget "ZERO_CHECK" */ = {
			isa = XCConfigurationList;
			buildConfigurations = (
				2087F99888A14F2798C12A5B /* Debug */,
				576FF722C2B24336801BFA45 /* Release */,
				AA86228DA611413CA754CA28 /* MinSizeRel */,
				504064362A3A4F99BD6C20A5 /* RelWithDebInfo */,
			);
			defaultConfigurationIsVisible = 0;
			defaultConfigurationName = Debug;
		};
		949628F41C504E719E75F573 /* Build configuration list for PBXNativeTarget "ArmorDetect" */ = {
			isa = XCConfigurationList;
			buildConfigurations = (
				EC8E47C034834B0EA598DBFE /* Debug */,
				B28379D003EF432ABE688456 /* Release */,
				59164BDF634B414BBA45094C /* MinSizeRel */,
				E568A475B08B44CF8161039B /* RelWithDebInfo */,
			);
			defaultConfigurationIsVisible = 0;
			defaultConfigurationName = Debug;
		};
		A1097CE8D7114E0CB34AD843 /* Build configuration list for PBXAggregateTarget "ALL_BUILD" */ = {
			isa = XCConfigurationList;
			buildConfigurations = (
				DEEA3E75060C40C3B524EB7F /* Debug */,
				8BC950B7C1E344DC9EE9EE79 /* Release */,
				2BD752FF3E2248EAB6E10493 /* MinSizeRel */,
				C9A79CE6E54D4428B4C45ECE /* RelWithDebInfo */,
			);
			defaultConfigurationIsVisible = 0;
			defaultConfigurationName = Debug;
		};
		F5B3F33CBAB74CF98B6C717B /* Build configuration list for PBXProject "ArmorDetect" */ = {
			isa = XCConfigurationList;
			buildConfigurations = (
				E2B8399AF8A9452CBFE4ED73 /* Debug */,
				D10D2BE4E5AB4D67B0014874 /* Release */,
				10FAB2CDDEB8458795F1F652 /* MinSizeRel */,
				02E611F8542041B189D0BA91 /* RelWithDebInfo */,
			);
			defaultConfigurationIsVisible = 0;
			defaultConfigurationName = Debug;
		};
/* End XCConfigurationList section */
	};
	rootObject = 9264A4209DC74A9D84ACBB8C /* Project object */;
}
